
Microsoft Visual Studio Solution File, Format Version 12.00
# Visual Studio Version 17
VisualStudioVersion = 17.8.34525.116
MinimumVisualStudioVersion = 10.0.40219.1
Project("{FAE04EC0-301F-11D3-BF4B-00C04F79EFBC}") = "SonyaPPprojectTwo", "SonyaPPprojectTwo\SonyaPPprojectTwo.csproj", "{1C631E13-8864-4F17-A177-2A98F6D75268}"
EndProject
Global
	GlobalSection(SolutionConfigurationPlatforms) = preSolution
		Debug|Any CPU = Debug|Any CPU
		Release|Any CPU = Release|Any CPU
	EndGlobalSection
	GlobalSection(ProjectConfigurationPlatforms) = postSolution
		{1C631E13-8864-4F17-A177-2A98F6D75268}.Debug|Any CPU.ActiveCfg = Debug|Any CPU
		{1C631E13-8864-4F17-A177-2A98F6D75268}.Debug|Any CPU.Build.0 = Debug|Any CPU
		{1C631E13-8864-4F17-A177-2A98F6D75268}.Release|Any CPU.ActiveCfg = Release|Any CPU
		{1C631E13-8864-4F17-A177-2A98F6D75268}.Release|Any CPU.Build.0 = Release|Any CPU
	EndGlobalSection
	GlobalSection(SolutionProperties) = preSolution
		HideSolutionNode = FALSE
	EndGlobalSection
	GlobalSection(ExtensibilityGlobals) = postSolution
		SolutionGuid = {BE6DED37-24CE-47E6-82E7-BECB47189925}
	EndGlobalSection
EndGlobal
